Microsoft Visual Studio Solution File, Format Version 12.00
# Visual Studio Version 17
VisualStudioVersion = 17.5.2.0
MinimumVisualStudioVersion = 10.0.40219.1
Project("{FAE04EC0-301F-11D3-BF4B-00C04F79EFBC}") = "RentalBlazorApp", "RentalBlazorApp\RentalBlazorApp.csproj", "{B0113D71-63A7-F751-8666-BC42F51D22FC}"
EndProject
Global
	GlobalSection(SolutionConfigurationPlatforms) = preSolution
		Debug|Any CPU = Debug|Any CPU
		Release|Any CPU = Release|Any CPU
	EndGlobalSection
	GlobalSection(ProjectConfigurationPlatforms) = postSolution
		{B0113D71-63A7-F751-8666-BC42F51D22FC}.Debug|Any CPU.ActiveCfg = Debug|Any CPU
		{B0113D71-63A7-F751-8666-BC42F51D22FC}.Debug|Any CPU.Build.0 = Debug|Any CPU
		{B0113D71-63A7-F751-8666-BC42F51D22FC}.Release|Any CPU.ActiveCfg = Release|Any CPU
		{B0113D71-63A7-F751-8666-BC42F51D22FC}.Release|Any CPU.Build.0 = Release|Any CPU
	EndGlobalSection
	GlobalSection(SolutionProperties) = preSolution
		HideSolutionNode = FALSE
	EndGlobalSection
	GlobalSection(ExtensibilityGlobals) = postSolution
		SolutionGuid = {3CB0617A-62FE-4034-8B0C-CD01511F5618}
	EndGlobalSection
EndGlobal
